Microsoft Visual Studio Solution File, Format Version 12.00
# Visual Studio Version 17
VisualStudioVersion = 17.5.2.0
MinimumVisualStudioVersion = 10.0.40219.1
Project("{FAE04EC0-301F-11D3-BF4B-00C04F79EFBC}") = "TankBattle", "TankBattle.csproj", "{39A845F2-B2FE-0109-6CEA-5F70458805C6}"
EndProject
Global
	GlobalSection(SolutionConfigurationPlatforms) = preSolution
		Debug|Any CPU = Debug|Any CPU
		Release|Any CPU = Release|Any CPU
	EndGlobalSection
	GlobalSection(ProjectConfigurationPlatforms) = postSolution
		{39A845F2-B2FE-0109-6CEA-5F70458805C6}.Debug|Any CPU.ActiveCfg = Debug|Any CPU
		{39A845F2-B2FE-0109-6CEA-5F70458805C6}.Debug|Any CPU.Build.0 = Debug|Any CPU
		{39A845F2-B2FE-0109-6CEA-5F70458805C6}.Release|Any CPU.ActiveCfg = Release|Any CPU
		{39A845F2-B2FE-0109-6CEA-5F70458805C6}.Release|Any CPU.Build.0 = Release|Any CPU
	EndGlobalSection
	GlobalSection(SolutionProperties) = preSolution
		HideSolutionNode = FALSE
	EndGlobalSection
	GlobalSection(ExtensibilityGlobals) = postSolution
		SolutionGuid = {6E424029-B18F-45DB-BDEA-A6714725462C}
	EndGlobalSection
EndGlobal
